
Microsoft Visual Studio Solution File, Format Version 12.00
# Visual Studio 15
VisualStudioVersion = 15.0.28307.421
MinimumVisualStudioVersion = 10.0.40219.1
Project("{FAE04EC0-301F-11D3-BF4B-00C04F79EFBC}") = "GlobeTrotter", "GlobeTrotter\GlobeTrotter.csproj", "{03D02653-702F-4582-B198-DD73B5748B68}"
EndProject
Global
	GlobalSection(SolutionConfigurationPlatforms) = preSolution
		Debug|Any CPU = Debug|Any CPU
		Release|Any CPU = Release|Any CPU
	EndGlobalSection
	GlobalSection(ProjectConfigurationPlatforms) = postSolution
		{03D02653-702F-4582-B198-DD73B5748B68}.Debug|Any CPU.ActiveCfg = Debug|Any CPU
		{03D02653-702F-4582-B198-DD73B5748B68}.Debug|Any CPU.Build.0 = Debug|Any CPU
		{03D02653-702F-4582-B198-DD73B5748B68}.Debug|Any CPU.Deploy.0 = Debug|Any CPU
		{03D02653-702F-4582-B198-DD73B5748B68}.Release|Any CPU.ActiveCfg = Release|Any CPU
		{03D02653-702F-4582-B198-DD73B5748B68}.Release|Any CPU.Build.0 = Release|Any CPU
		{03D02653-702F-4582-B198-DD73B5748B68}.Release|Any CPU.Deploy.0 = Release|Any CPU
	EndGlobalSection
	GlobalSection(SolutionProperties) = preSolution
		HideSolutionNode = FALSE
	EndGlobalSection
	GlobalSection(ExtensibilityGlobals) = postSolution
		SolutionGuid = {16F08286-0DAB-4617-B372-0077B9A96775}
	EndGlobalSection
EndGlobal
